
Microsoft Visual Studio Solution File, Format Version 12.00
# Visual Studio Version 16
VisualStudioVersion = 16.0.30503.244
MinimumVisualStudioVersion = 10.0.40219.1
Project("{8BC9CEB8-8B4A-11D0-8D11-00A0C91BC942}") = "TicTacToe", "TicTacToe.vcxproj", "{302FA378-4484-4273-9418-A892C3642DCF}"
EndProject
Global
	GlobalSection(SolutionConfigurationPlatforms) = preSolution
		Debug|x64 = Debug|x64
		Debug|x86 = Debug|x86
		Release|x64 = Release|x64
		Release|x86 = Release|x86
	EndGlobalSection
	GlobalSection(ProjectConfigurationPlatforms) = postSolution
		{302FA378-4484-4273-9418-A892C3642DCF}.Debug|x64.ActiveCfg = Debug|x64
		{302FA378-4484-4273-9418-A892C3642DCF}.Debug|x64.Build.0 = Debug|x64
		{302FA378-4484-4273-9418-A892C3642DCF}.Debug|x86.ActiveCfg = Debug|Win32
		{302FA378-4484-4273-9418-A892C3642DCF}.Debug|x86.Build.0 = Debug|Win32
		{302FA378-4484-4273-9418-A892C3642DCF}.Release|x64.ActiveCfg = Release|x64
		{302FA378-4484-4273-9418-A892C3642DCF}.Release|x64.Build.0 = Release|x64
		{302FA378-4484-4273-9418-A892C3642DCF}.Release|x86.ActiveCfg = Release|Win32
		{302FA378-4484-4273-9418-A892C3642DCF}.Release|x86.Build.0 = Release|Win32
	EndGlobalSection
	GlobalSection(SolutionProperties) = preSolution
		HideSolutionNode = FALSE
	EndGlobalSection
	GlobalSection(ExtensibilityGlobals) = postSolution
		SolutionGuid = {B68F703F-2942-47AA-9FD4-3D14E3A062C6}
	EndGlobalSection
EndGlobal
